
Microsoft Visual Studio Solution File, Format Version 12.00
# Visual Studio 14
VisualStudioVersion = 14.0.25420.1
MinimumVisualStudioVersion = 10.0.40219.1
Project("{FAE04EC0-301F-11D3-BF4B-00C04F79EFBC}") = "learningcsharp", "learningcsharp\learningcsharp.csproj", "{713CFB7C-22F4-4F15-85C6-401D0065186D}"
EndProject
Project("{FAE04EC0-301F-11D3-BF4B-00C04F79EFBC}") = "LinkedListLib", "LearningLib\LinkedListLib.csproj", "{F82B840C-AAE4-477B-ABA0-635E5A0B3634}"
EndProject
Project("{FAE04EC0-301F-11D3-BF4B-00C04F79EFBC}") = "TreeLib", "TreeLib\TreeLib.csproj", "{BD5FB203-E828-4A7D-8FAC-6282BA111811}"
EndProject
Project("{FAE04EC0-301F-11D3-BF4B-00C04F79EFBC}") = "SortLib", "SortLib\SortLib.csproj", "{5DBB7D2F-DFB8-4B80-A95F-2100B0DCE81F}"
EndProject
Project("{FAE04EC0-301F-11D3-BF4B-00C04F79EFBC}") = "GraphLib", "GraphLib\GraphLib.csproj", "{F6CB7B25-9DE4-42F6-84E4-C61D412E2CB6}"
EndProject
Project("{FAE04EC0-301F-11D3-BF4B-00C04F79EFBC}") = "StringLib", "StringLib\StringLib.csproj", "{258B1C21-B2A4-4FB7-98D9-E54A340A8106}"
EndProject
Global
	GlobalSection(SolutionConfigurationPlatforms) = preSolution
		Debug|Any CPU = Debug|Any CPU
		Release|Any CPU = Release|Any CPU
	EndGlobalSection
	GlobalSection(ProjectConfigurationPlatforms) = postSolution
		{713CFB7C-22F4-4F15-85C6-401D0065186D}.Debug|Any CPU.ActiveCfg = Debug|Any CPU
		{713CFB7C-22F4-4F15-85C6-401D0065186D}.Debug|Any CPU.Build.0 = Debug|Any CPU
		{713CFB7C-22F4-4F15-85C6-401D0065186D}.Release|Any CPU.ActiveCfg = Release|Any CPU
		{713CFB7C-22F4-4F15-85C6-401D0065186D}.Release|Any CPU.Build.0 = Release|Any CPU
		{F82B840C-AAE4-477B-ABA0-635E5A0B3634}.Debug|Any CPU.ActiveCfg = Debug|Any CPU
		{F82B840C-AAE4-477B-ABA0-635E5A0B3634}.Debug|Any CPU.Build.0 = Debug|Any CPU
		{F82B840C-AAE4-477B-ABA0-635E5A0B3634}.Release|Any CPU.ActiveCfg = Release|Any CPU
		{F82B840C-AAE4-477B-ABA0-635E5A0B3634}.Release|Any CPU.Build.0 = Release|Any CPU
		{BD5FB203-E828-4A7D-8FAC-6282BA111811}.Debug|Any CPU.ActiveCfg = Debug|Any CPU
		{BD5FB203-E828-4A7D-8FAC-6282BA111811}.Debug|Any CPU.Build.0 = Debug|Any CPU
		{BD5FB203-E828-4A7D-8FAC-6282BA111811}.Release|Any CPU.ActiveCfg = Release|Any CPU
		{BD5FB203-E828-4A7D-8FAC-6282BA111811}.Release|Any CPU.Build.0 = Release|Any CPU
		{5DBB7D2F-DFB8-4B80-A95F-2100B0DCE81F}.Debug|Any CPU.ActiveCfg = Debug|Any CPU
		{5DBB7D2F-DFB8-4B80-A95F-2100B0DCE81F}.Debug|Any CPU.Build.0 = Debug|Any CPU
		{5DBB7D2F-DFB8-4B80-A95F-2100B0DCE81F}.Release|Any CPU.ActiveCfg = Release|Any CPU
		{5DBB7D2F-DFB8-4B80-A95F-2100B0DCE81F}.Release|Any CPU.Build.0 = Release|Any CPU
		{F6CB7B25-9DE4-42F6-84E4-C61D412E2CB6}.Debug|Any CPU.ActiveCfg = Debug|Any CPU
		{F6CB7B25-9DE4-42F6-84E4-C61D412E2CB6}.Debug|Any CPU.Build.0 = Debug|Any CPU
		{F6CB7B25-9DE4-42F6-84E4-C61D412E2CB6}.Release|Any CPU.ActiveCfg = Release|Any CPU
		{F6CB7B25-9DE4-42F6-84E4-C61D412E2CB6}.Release|Any CPU.Build.0 = Release|Any CPU
		{258B1C21-B2A4-4FB7-98D9-E54A340A8106}.Debug|Any CPU.ActiveCfg = Debug|Any CPU
		{258B1C21-B2A4-4FB7-98D9-E54A340A8106}.Debug|Any CPU.Build.0 = Debug|Any CPU
		{258B1C21-B2A4-4FB7-98D9-E54A340A8106}.Release|Any CPU.ActiveCfg = Release|Any CPU
		{258B1C21-B2A4-4FB7-98D9-E54A340A8106}.Release|Any CPU.Build.0 = Release|Any CPU
	EndGlobalSection
	GlobalSection(SolutionProperties) = preSolution
		HideSolutionNode = FALSE
	EndGlobalSection
EndGlobal
